
Microsoft Visual Studio Solution File, Format Version 12.00
# Visual Studio Version 16
VisualStudioVersion = 16.0.31005.135
MinimumVisualStudioVersion = 10.0.40219.1
Project("{9A19103F-16F7-4668-BE54-9A1E7A4F7556}") = "FlurlWithPolly.Api", "FlurlWithPolly.Api\FlurlWithPolly.Api.csproj", "{BDE1BC5D-4E9B-4734-A597-98249FC45335}"
EndProject
Project("{FAE04EC0-301F-11D3-BF4B-00C04F79EFBC}") = "FlurlWithPolly.Tests", "FlurlWithPolly.Tests\FlurlWithPolly.Tests.csproj", "{BECF7670-EF1B-46DA-B890-B92F15ACFB32}"
EndProject
Global
	GlobalSection(SolutionConfigurationPlatforms) = preSolution
		Debug|Any CPU = Debug|Any CPU
		Release|Any CPU = Release|Any CPU
	EndGlobalSection
	GlobalSection(ProjectConfigurationPlatforms) = postSolution
		{BDE1BC5D-4E9B-4734-A597-98249FC45335}.Debug|Any CPU.ActiveCfg = Debug|Any CPU
		{BDE1BC5D-4E9B-4734-A597-98249FC45335}.Debug|Any CPU.Build.0 = Debug|Any CPU
		{BDE1BC5D-4E9B-4734-A597-98249FC45335}.Release|Any CPU.ActiveCfg = Release|Any CPU
		{BDE1BC5D-4E9B-4734-A597-98249FC45335}.Release|Any CPU.Build.0 = Release|Any CPU
		{BECF7670-EF1B-46DA-B890-B92F15ACFB32}.Debug|Any CPU.ActiveCfg = Debug|Any CPU
		{BECF7670-EF1B-46DA-B890-B92F15ACFB32}.Debug|Any CPU.Build.0 = Debug|Any CPU
		{BECF7670-EF1B-46DA-B890-B92F15ACFB32}.Release|Any CPU.ActiveCfg = Release|Any CPU
		{BECF7670-EF1B-46DA-B890-B92F15ACFB32}.Release|Any CPU.Build.0 = Release|Any CPU
	EndGlobalSection
	GlobalSection(SolutionProperties) = preSolution
		HideSolutionNode = FALSE
	EndGlobalSection
	GlobalSection(ExtensibilityGlobals) = postSolution
		SolutionGuid = {E258E285-0844-4BA6-BD58-090F5BD04123}
	EndGlobalSection
EndGlobal
